
Microsoft Visual Studio Solution File, Format Version 12.00
# Visual Studio Version 16
VisualStudioVersion = 16.0.29806.167
MinimumVisualStudioVersion = 10.0.40219.1
Project("{FAE04EC0-301F-11D3-BF4B-00C04F79EFBC}") = "SystemCheck", "SystemCheck\SystemCheck.csproj", "{DA68FE6F-CD19-4F5A-B3AB-823B9F0CC3C4}"
EndProject
Project("{FAE04EC0-301F-11D3-BF4B-00C04F79EFBC}") = "SystemController", "..\SystemController\SystemController.csproj", "{12574E15-26B0-4C40-AA13-CF1EDD18F5CF}"
EndProject
Project("{FAE04EC0-301F-11D3-BF4B-00C04F79EFBC}") = "SystemCommon", "..\SystemCommon\SystemCommon.csproj", "{207E9DD8-4C82-4C97-AE25-26C6779775F4}"
EndProject
Global
	GlobalSection(SolutionConfigurationPlatforms) = preSolution
		Debug|Any CPU = Debug|Any CPU
		Release|Any CPU = Release|Any CPU
	EndGlobalSection
	GlobalSection(ProjectConfigurationPlatforms) = postSolution
		{DA68FE6F-CD19-4F5A-B3AB-823B9F0CC3C4}.Debug|Any CPU.ActiveCfg = Debug|Any CPU
		{DA68FE6F-CD19-4F5A-B3AB-823B9F0CC3C4}.Debug|Any CPU.Build.0 = Debug|Any CPU
		{DA68FE6F-CD19-4F5A-B3AB-823B9F0CC3C4}.Release|Any CPU.ActiveCfg = Release|Any CPU
		{DA68FE6F-CD19-4F5A-B3AB-823B9F0CC3C4}.Release|Any CPU.Build.0 = Release|Any CPU
		{12574E15-26B0-4C40-AA13-CF1EDD18F5CF}.Debug|Any CPU.ActiveCfg = Debug|Any CPU
		{12574E15-26B0-4C40-AA13-CF1EDD18F5CF}.Debug|Any CPU.Build.0 = Debug|Any CPU
		{12574E15-26B0-4C40-AA13-CF1EDD18F5CF}.Release|Any CPU.ActiveCfg = Release|Any CPU
		{12574E15-26B0-4C40-AA13-CF1EDD18F5CF}.Release|Any CPU.Build.0 = Release|Any CPU
		{207E9DD8-4C82-4C97-AE25-26C6779775F4}.Debug|Any CPU.ActiveCfg = Debug|Any CPU
		{207E9DD8-4C82-4C97-AE25-26C6779775F4}.Debug|Any CPU.Build.0 = Debug|Any CPU
		{207E9DD8-4C82-4C97-AE25-26C6779775F4}.Release|Any CPU.ActiveCfg = Release|Any CPU
		{207E9DD8-4C82-4C97-AE25-26C6779775F4}.Release|Any CPU.Build.0 = Release|Any CPU
	EndGlobalSection
	GlobalSection(SolutionProperties) = preSolution
		HideSolutionNode = FALSE
	EndGlobalSection
	GlobalSection(ExtensibilityGlobals) = postSolution
		SolutionGuid = {9E50CF99-74A1-4062-907F-EE96101D938F}
	EndGlobalSection
EndGlobal
